
Microsoft Visual Studio Solution File, Format Version 12.00
# Visual Studio 15
VisualStudioVersion = 15.0.27703.2000
MinimumVisualStudioVersion = 10.0.40219.1
Project("{FAE04EC0-301F-11D3-BF4B-00C04F79EFBC}") = "HelloWorld", "HelloWorld\HelloWorld.csproj", "{1C0F2AFA-055D-4B2B-8323-1A3835AA8F06}"
EndProject
Global
	GlobalSection(SolutionConfigurationPlatforms) = preSolution
		Debug|Any CPU = Debug|Any CPU
		Release|Any CPU = Release|Any CPU
	EndGlobalSection
	GlobalSection(ProjectConfigurationPlatforms) = postSolution
		{1C0F2AFA-055D-4B2B-8323-1A3835AA8F06}.Debug|Any CPU.ActiveCfg = Debug|Any CPU
		{1C0F2AFA-055D-4B2B-8323-1A3835AA8F06}.Debug|Any CPU.Build.0 = Debug|Any CPU
		{1C0F2AFA-055D-4B2B-8323-1A3835AA8F06}.Release|Any CPU.ActiveCfg = Release|Any CPU
		{1C0F2AFA-055D-4B2B-8323-1A3835AA8F06}.Release|Any CPU.Build.0 = Release|Any CPU
	EndGlobalSection
	GlobalSection(SolutionProperties) = preSolution
		HideSolutionNode = FALSE
	EndGlobalSection
	GlobalSection(ExtensibilityGlobals) = postSolution
		SolutionGuid = {83583D9A-4A23-41C9-B1E2-B49C50CC8E00}
	EndGlobalSection
EndGlobal
